
Microsoft Visual Studio Solution File, Format Version 12.00
# Visual Studio Version 16
VisualStudioVersion = 16.0.31424.327
MinimumVisualStudioVersion = 10.0.40219.1
Project("{8BC9CEB8-8B4A-11D0-8D11-00A0C91BC942}") = "TextureMapping", "TextureMapping\TextureMapping.vcxproj", "{8A8EDE00-D693-4992-9243-2B22DD7F922E}"
EndProject
Project("{8BC9CEB8-8B4A-11D0-8D11-00A0C91BC942}") = "Lighting", "Lighting\Lighting.vcxproj", "{9B2C76F8-424C-4E22-9B86-7C1659B085F1}"
EndProject
Project("{8BC9CEB8-8B4A-11D0-8D11-00A0C91BC942}") = "ColorShader", "ColorShader\ColorShader.vcxproj", "{8CFD9454-E721-4910-BCAE-503809497D20}"
EndProject
Project("{8BC9CEB8-8B4A-11D0-8D11-00A0C91BC942}") = "SpecularMapping", "SpecularMapping\SpecularMapping.vcxproj", "{1BA4AECE-B4A3-4E05-BE24-0B753363D5A9}"
EndProject
Project("{8BC9CEB8-8B4A-11D0-8D11-00A0C91BC942}") = "ToonShader", "ToonShader\ToonShader.vcxproj", "{2F25AC3B-A70D-4F2B-BFBD-AD2974109F4F}"
EndProject
Project("{8BC9CEB8-8B4A-11D0-8D11-00A0C91BC942}") = "NormalMapping", "NormalMapping\NormalMapping.vcxproj", "{F1950589-C146-4E80-89AF-7771FD46B013}"
EndProject
Global
	GlobalSection(SolutionConfigurationPlatforms) = preSolution
		Debug|x64 = Debug|x64
		Debug|x86 = Debug|x86
		Release|x64 = Release|x64
		Release|x86 = Release|x86
	EndGlobalSection
	GlobalSection(ProjectConfigurationPlatforms) = postSolution
		{8A8EDE00-D693-4992-9243-2B22DD7F922E}.Debug|x64.ActiveCfg = Debug|Win32
		{8A8EDE00-D693-4992-9243-2B22DD7F922E}.Debug|x86.ActiveCfg = Debug|Win32
		{8A8EDE00-D693-4992-9243-2B22DD7F922E}.Debug|x86.Build.0 = Debug|Win32
		{8A8EDE00-D693-4992-9243-2B22DD7F922E}.Release|x64.ActiveCfg = Release|Win32
		{8A8EDE00-D693-4992-9243-2B22DD7F922E}.Release|x86.ActiveCfg = Release|Win32
		{8A8EDE00-D693-4992-9243-2B22DD7F922E}.Release|x86.Build.0 = Release|Win32
		{9B2C76F8-424C-4E22-9B86-7C1659B085F1}.Debug|x64.ActiveCfg = Debug|Win32
		{9B2C76F8-424C-4E22-9B86-7C1659B085F1}.Debug|x86.ActiveCfg = Debug|Win32
		{9B2C76F8-424C-4E22-9B86-7C1659B085F1}.Debug|x86.Build.0 = Debug|Win32
		{9B2C76F8-424C-4E22-9B86-7C1659B085F1}.Release|x64.ActiveCfg = Release|Win32
		{9B2C76F8-424C-4E22-9B86-7C1659B085F1}.Release|x86.ActiveCfg = Release|Win32
		{9B2C76F8-424C-4E22-9B86-7C1659B085F1}.Release|x86.Build.0 = Release|Win32
		{8CFD9454-E721-4910-BCAE-503809497D20}.Debug|x64.ActiveCfg = Debug|Win32
		{8CFD9454-E721-4910-BCAE-503809497D20}.Debug|x86.ActiveCfg = Debug|Win32
		{8CFD9454-E721-4910-BCAE-503809497D20}.Debug|x86.Build.0 = Debug|Win32
		{8CFD9454-E721-4910-BCAE-503809497D20}.Release|x64.ActiveCfg = Release|Win32
		{8CFD9454-E721-4910-BCAE-503809497D20}.Release|x86.ActiveCfg = Release|Win32
		{8CFD9454-E721-4910-BCAE-503809497D20}.Release|x86.Build.0 = Release|Win32
		{1BA4AECE-B4A3-4E05-BE24-0B753363D5A9}.Debug|x64.ActiveCfg = Debug|Win32
		{1BA4AECE-B4A3-4E05-BE24-0B753363D5A9}.Debug|x86.ActiveCfg = Debug|Win32
		{1BA4AECE-B4A3-4E05-BE24-0B753363D5A9}.Debug|x86.Build.0 = Debug|Win32
		{1BA4AECE-B4A3-4E05-BE24-0B753363D5A9}.Release|x64.ActiveCfg = Release|Win32
		{1BA4AECE-B4A3-4E05-BE24-0B753363D5A9}.Release|x86.ActiveCfg = Release|Win32
		{1BA4AECE-B4A3-4E05-BE24-0B753363D5A9}.Release|x86.Build.0 = Release|Win32
		{2F25AC3B-A70D-4F2B-BFBD-AD2974109F4F}.Debug|x64.ActiveCfg = Debug|Win32
		{2F25AC3B-A70D-4F2B-BFBD-AD2974109F4F}.Debug|x86.ActiveCfg = Debug|Win32
		{2F25AC3B-A70D-4F2B-BFBD-AD2974109F4F}.Debug|x86.Build.0 = Debug|Win32
		{2F25AC3B-A70D-4F2B-BFBD-AD2974109F4F}.Release|x64.ActiveCfg = Release|Win32
		{2F25AC3B-A70D-4F2B-BFBD-AD2974109F4F}.Release|x86.ActiveCfg = Release|Win32
		{2F25AC3B-A70D-4F2B-BFBD-AD2974109F4F}.Release|x86.Build.0 = Release|Win32
		{F1950589-C146-4E80-89AF-7771FD46B013}.Debug|x64.ActiveCfg = Debug|Win32
		{F1950589-C146-4E80-89AF-7771FD46B013}.Debug|x86.ActiveCfg = Debug|Win32
		{F1950589-C146-4E80-89AF-7771FD46B013}.Debug|x86.Build.0 = Debug|Win32
		{F1950589-C146-4E80-89AF-7771FD46B013}.Release|x64.ActiveCfg = Release|Win32
		{F1950589-C146-4E80-89AF-7771FD46B013}.Release|x86.ActiveCfg = Release|Win32
		{F1950589-C146-4E80-89AF-7771FD46B013}.Release|x86.Build.0 = Release|Win32
	EndGlobalSection
	GlobalSection(SolutionProperties) = preSolution
		HideSolutionNode = FALSE
	EndGlobalSection
	GlobalSection(ExtensibilityGlobals) = postSolution
		SolutionGuid = {38C948A2-BD74-440E-BF5F-AA361DC6EC93}
	EndGlobalSection
EndGlobal
