<?xml version="1.0" encoding="utf-8"?>
<Project ToolsVersion="4.0" xmlns="http://schemas.microsoft.com/developer/msbuild/2003">
  <ItemGroup>
    <ClCompile Include="..\DirectManager\DirectManager.cpp">
      <Filter>DirectManager</Filter>
    </ClCompile>
    <ClCompile Include="EdgeDetectionManager.cpp">
      <Filter>DirectManager</Filter>
    </ClCompile>
    <ClCompile Include="Main.cpp" />
  </ItemGroup>
  <ItemGroup>
    <ClInclude Include="..\DirectManager\DirectManager.h">
      <Filter>DirectManager</Filter>
    </ClInclude>
    <ClInclude Include="EdgeDetectionManager.h">
      <Filter>DirectManager</Filter>
    </ClInclude>
  </ItemGroup>
  <ItemGroup>
    <Filter Include="DirectManager">
      <UniqueIdentifier>{d106a138-604f-4862-be27-bab51d25ebb9}</UniqueIdentifier>
    </Filter>
  </ItemGroup>
</Project>