
Microsoft Visual Studio Solution File, Format Version 12.00
# Visual Studio 15
VisualStudioVersion = 15.0.27703.2042
MinimumVisualStudioVersion = 10.0.40219.1
Project("{8BC9CEB8-8B4A-11D0-8D11-00A0C91BC942}") = "TextureMapping", "BasicFramework.vcxproj", "{8CFD9454-E721-4910-BCAE-503809497D20}"
EndProject
Global
	GlobalSection(SolutionConfigurationPlatforms) = preSolution
		Debug|Win32 = Debug|Win32
		Release|Win32 = Release|Win32
	EndGlobalSection
	GlobalSection(ProjectConfigurationPlatforms) = postSolution
		{8CFD9454-E721-4910-BCAE-503809497D20}.Debug|Win32.ActiveCfg = Debug|Win32
		{8CFD9454-E721-4910-BCAE-503809497D20}.Debug|Win32.Build.0 = Debug|Win32
		{8CFD9454-E721-4910-BCAE-503809497D20}.Release|Win32.ActiveCfg = Release|Win32
		{8CFD9454-E721-4910-BCAE-503809497D20}.Release|Win32.Build.0 = Release|Win32
	EndGlobalSection
	GlobalSection(SolutionProperties) = preSolution
		HideSolutionNode = FALSE
	EndGlobalSection
	GlobalSection(ExtensibilityGlobals) = postSolution
		SolutionGuid = {33A79F9F-E00A-4A3A-B172-FB5B0367249D}
	EndGlobalSection
EndGlobal
